
Microsoft Visual Studio Solution File, Format Version 12.00
# Visual Studio Version 17
VisualStudioVersion = 17.1.32210.238
MinimumVisualStudioVersion = 10.0.40219.1
Project("{9A19103F-16F7-4668-BE54-9A1E7A4F7556}") = "PonzianiSwissLib", "PonzianiSwissLib\PonzianiSwissLib.csproj", "{E6531465-E1F3-4716-A308-61CAB79BF314}"
EndProject
Project("{9A19103F-16F7-4668-BE54-9A1E7A4F7556}") = "PonzianiSwissTest", "PonzianiSwissTest\PonzianiSwissTest.csproj", "{69C372DA-3F5C-4654-A81F-CF277DD4AE82}"
EndProject
Project("{9A19103F-16F7-4668-BE54-9A1E7A4F7556}") = "PonzianiSwissGui", "PonzianiSwissGui\PonzianiSwissGui.csproj", "{ADF79F05-E08F-42A5-B22D-F4A4DA357D2F}"
EndProject
Project("{FAE04EC0-301F-11D3-BF4B-00C04F79EFBC}") = "PonzianiPlayerBase", "PonzianiPlayerBase\PonzianiPlayerBase.csproj", "{23CA0620-5C0F-4754-9891-0472490675D7}"
EndProject
Global
	GlobalSection(SolutionConfigurationPlatforms) = preSolution
		Debug|Any CPU = Debug|Any CPU
		Release|Any CPU = Release|Any CPU
	EndGlobalSection
	GlobalSection(ProjectConfigurationPlatforms) = postSolution
		{E6531465-E1F3-4716-A308-61CAB79BF314}.Debug|Any CPU.ActiveCfg = Debug|Any CPU
		{E6531465-E1F3-4716-A308-61CAB79BF314}.Debug|Any CPU.Build.0 = Debug|Any CPU
		{E6531465-E1F3-4716-A308-61CAB79BF314}.Release|Any CPU.ActiveCfg = Release|Any CPU
		{E6531465-E1F3-4716-A308-61CAB79BF314}.Release|Any CPU.Build.0 = Release|Any CPU
		{69C372DA-3F5C-4654-A81F-CF277DD4AE82}.Debug|Any CPU.ActiveCfg = Debug|Any CPU
		{69C372DA-3F5C-4654-A81F-CF277DD4AE82}.Debug|Any CPU.Build.0 = Debug|Any CPU
		{69C372DA-3F5C-4654-A81F-CF277DD4AE82}.Release|Any CPU.ActiveCfg = Release|Any CPU
		{69C372DA-3F5C-4654-A81F-CF277DD4AE82}.Release|Any CPU.Build.0 = Release|Any CPU
		{ADF79F05-E08F-42A5-B22D-F4A4DA357D2F}.Debug|Any CPU.ActiveCfg = Debug|Any CPU
		{ADF79F05-E08F-42A5-B22D-F4A4DA357D2F}.Debug|Any CPU.Build.0 = Debug|Any CPU
		{ADF79F05-E08F-42A5-B22D-F4A4DA357D2F}.Release|Any CPU.ActiveCfg = Release|Any CPU
		{ADF79F05-E08F-42A5-B22D-F4A4DA357D2F}.Release|Any CPU.Build.0 = Release|Any CPU
		{23CA0620-5C0F-4754-9891-0472490675D7}.Debug|Any CPU.ActiveCfg = Debug|Any CPU
		{23CA0620-5C0F-4754-9891-0472490675D7}.Debug|Any CPU.Build.0 = Debug|Any CPU
		{23CA0620-5C0F-4754-9891-0472490675D7}.Release|Any CPU.ActiveCfg = Release|Any CPU
		{23CA0620-5C0F-4754-9891-0472490675D7}.Release|Any CPU.Build.0 = Release|Any CPU
	EndGlobalSection
	GlobalSection(SolutionProperties) = preSolution
		HideSolutionNode = FALSE
	EndGlobalSection
	GlobalSection(ExtensibilityGlobals) = postSolution
		SolutionGuid = {87E53FE9-0749-46C8-A139-3DAAD2676FA0}
	EndGlobalSection
EndGlobal
