
Microsoft Visual Studio Solution File, Format Version 12.00
# Visual Studio Version 17
VisualStudioVersion = 17.1.32210.238
MinimumVisualStudioVersion = 10.0.40219.1
Project("{9A19103F-16F7-4668-BE54-9A1E7A4F7556}") = "PonzianiSwissLib", "PonzianiSwissLib\PonzianiSwissLib.csproj", "{E6531465-E1F3-4716-A308-61CAB79BF314}"
EndProject
Project("{9A19103F-16F7-4668-BE54-9A1E7A4F7556}") = "PonzianiSwissTest", "PonzianiSwissTest\PonzianiSwissTest.csproj", "{69C372DA-3F5C-4654-A81F-CF277DD4AE82}"
EndProject
Project("{9A19103F-16F7-4668-BE54-9A1E7A4F7556}") = "PonzianiPlayerBase", "PonzianiPlayerBase\PonzianiPlayerBase.csproj", "{23CA0620-5C0F-4754-9891-0472490675D7}"
	ProjectSection(ProjectDependencies) = postProject
		{E6531465-E1F3-4716-A308-61CAB79BF314} = {E6531465-E1F3-4716-A308-61CAB79BF314}
	EndProjectSection
EndProject
Project("{9A19103F-16F7-4668-BE54-9A1E7A4F7556}") = "PonzianiSwiss", "PonzianiSwiss\PonzianiSwiss.csproj", "{E405CD71-2980-4182-881B-9AF528BDA84F}"
	ProjectSection(ProjectDependencies) = postProject
		{23CA0620-5C0F-4754-9891-0472490675D7} = {23CA0620-5C0F-4754-9891-0472490675D7}
		{E6531465-E1F3-4716-A308-61CAB79BF314} = {E6531465-E1F3-4716-A308-61CAB79BF314}
	EndProjectSection
EndProject
Project("{2150E333-8FDC-42A3-9474-1A3956D46DE8}") = "Projektmappenelemente", "Projektmappenelemente", "{A367082C-DA09-44E4-AF29-6C09475DEF46}"
	ProjectSection(SolutionItems) = preProject
		global.json = global.json
	EndProjectSection
EndProject
Global
	GlobalSection(SolutionConfigurationPlatforms) = preSolution
		Debug|Any CPU = Debug|Any CPU
		Debug|ARM = Debug|ARM
		Debug|ARM64 = Debug|ARM64
		Debug|x64 = Debug|x64
		Debug|x86 = Debug|x86
		Release|Any CPU = Release|Any CPU
		Release|ARM = Release|ARM
		Release|ARM64 = Release|ARM64
		Release|x64 = Release|x64
		Release|x86 = Release|x86
	EndGlobalSection
	GlobalSection(ProjectConfigurationPlatforms) = postSolution
		{E6531465-E1F3-4716-A308-61CAB79BF314}.Debug|Any CPU.ActiveCfg = Debug|Any CPU
		{E6531465-E1F3-4716-A308-61CAB79BF314}.Debug|Any CPU.Build.0 = Debug|Any CPU
		{E6531465-E1F3-4716-A308-61CAB79BF314}.Debug|ARM.ActiveCfg = Debug|Any CPU
		{E6531465-E1F3-4716-A308-61CAB79BF314}.Debug|ARM.Build.0 = Debug|Any CPU
		{E6531465-E1F3-4716-A308-61CAB79BF314}.Debug|ARM64.ActiveCfg = Debug|Any CPU
		{E6531465-E1F3-4716-A308-61CAB79BF314}.Debug|ARM64.Build.0 = Debug|Any CPU
		{E6531465-E1F3-4716-A308-61CAB79BF314}.Debug|x64.ActiveCfg = Debug|Any CPU
		{E6531465-E1F3-4716-A308-61CAB79BF314}.Debug|x64.Build.0 = Debug|Any CPU
		{E6531465-E1F3-4716-A308-61CAB79BF314}.Debug|x86.ActiveCfg = Debug|Any CPU
		{E6531465-E1F3-4716-A308-61CAB79BF314}.Debug|x86.Build.0 = Debug|Any CPU
		{E6531465-E1F3-4716-A308-61CAB79BF314}.Release|Any CPU.ActiveCfg = Release|Any CPU
		{E6531465-E1F3-4716-A308-61CAB79BF314}.Release|Any CPU.Build.0 = Release|Any CPU
		{E6531465-E1F3-4716-A308-61CAB79BF314}.Release|ARM.ActiveCfg = Release|Any CPU
		{E6531465-E1F3-4716-A308-61CAB79BF314}.Release|ARM.Build.0 = Release|Any CPU
		{E6531465-E1F3-4716-A308-61CAB79BF314}.Release|ARM64.ActiveCfg = Release|Any CPU
		{E6531465-E1F3-4716-A308-61CAB79BF314}.Release|ARM64.Build.0 = Release|Any CPU
		{E6531465-E1F3-4716-A308-61CAB79BF314}.Release|x64.ActiveCfg = Release|Any CPU
		{E6531465-E1F3-4716-A308-61CAB79BF314}.Release|x64.Build.0 = Release|Any CPU
		{E6531465-E1F3-4716-A308-61CAB79BF314}.Release|x86.ActiveCfg = Release|Any CPU
		{E6531465-E1F3-4716-A308-61CAB79BF314}.Release|x86.Build.0 = Release|Any CPU
		{69C372DA-3F5C-4654-A81F-CF277DD4AE82}.Debug|Any CPU.ActiveCfg = Debug|Any CPU
		{69C372DA-3F5C-4654-A81F-CF277DD4AE82}.Debug|Any CPU.Build.0 = Debug|Any CPU
		{69C372DA-3F5C-4654-A81F-CF277DD4AE82}.Debug|ARM.ActiveCfg = Debug|Any CPU
		{69C372DA-3F5C-4654-A81F-CF277DD4AE82}.Debug|ARM.Build.0 = Debug|Any CPU
		{69C372DA-3F5C-4654-A81F-CF277DD4AE82}.Debug|ARM64.ActiveCfg = Debug|Any CPU
		{69C372DA-3F5C-4654-A81F-CF277DD4AE82}.Debug|ARM64.Build.0 = Debug|Any CPU
		{69C372DA-3F5C-4654-A81F-CF277DD4AE82}.Debug|x64.ActiveCfg = Debug|Any CPU
		{69C372DA-3F5C-4654-A81F-CF277DD4AE82}.Debug|x64.Build.0 = Debug|Any CPU
		{69C372DA-3F5C-4654-A81F-CF277DD4AE82}.Debug|x86.ActiveCfg = Debug|Any CPU
		{69C372DA-3F5C-4654-A81F-CF277DD4AE82}.Debug|x86.Build.0 = Debug|Any CPU
		{69C372DA-3F5C-4654-A81F-CF277DD4AE82}.Release|Any CPU.ActiveCfg = Release|Any CPU
		{69C372DA-3F5C-4654-A81F-CF277DD4AE82}.Release|Any CPU.Build.0 = Release|Any CPU
		{69C372DA-3F5C-4654-A81F-CF277DD4AE82}.Release|ARM.ActiveCfg = Release|Any CPU
		{69C372DA-3F5C-4654-A81F-CF277DD4AE82}.Release|ARM.Build.0 = Release|Any CPU
		{69C372DA-3F5C-4654-A81F-CF277DD4AE82}.Release|ARM64.ActiveCfg = Release|Any CPU
		{69C372DA-3F5C-4654-A81F-CF277DD4AE82}.Release|ARM64.Build.0 = Release|Any CPU
		{69C372DA-3F5C-4654-A81F-CF277DD4AE82}.Release|x64.ActiveCfg = Release|Any CPU
		{69C372DA-3F5C-4654-A81F-CF277DD4AE82}.Release|x64.Build.0 = Release|Any CPU
		{69C372DA-3F5C-4654-A81F-CF277DD4AE82}.Release|x86.ActiveCfg = Release|Any CPU
		{69C372DA-3F5C-4654-A81F-CF277DD4AE82}.Release|x86.Build.0 = Release|Any CPU
		{23CA0620-5C0F-4754-9891-0472490675D7}.Debug|Any CPU.ActiveCfg = Debug|Any CPU
		{23CA0620-5C0F-4754-9891-0472490675D7}.Debug|Any CPU.Build.0 = Debug|Any CPU
		{23CA0620-5C0F-4754-9891-0472490675D7}.Debug|ARM.ActiveCfg = Debug|Any CPU
		{23CA0620-5C0F-4754-9891-0472490675D7}.Debug|ARM.Build.0 = Debug|Any CPU
		{23CA0620-5C0F-4754-9891-0472490675D7}.Debug|ARM64.ActiveCfg = Debug|Any CPU
		{23CA0620-5C0F-4754-9891-0472490675D7}.Debug|ARM64.Build.0 = Debug|Any CPU
		{23CA0620-5C0F-4754-9891-0472490675D7}.Debug|x64.ActiveCfg = Debug|Any CPU
		{23CA0620-5C0F-4754-9891-0472490675D7}.Debug|x64.Build.0 = Debug|Any CPU
		{23CA0620-5C0F-4754-9891-0472490675D7}.Debug|x86.ActiveCfg = Debug|Any CPU
		{23CA0620-5C0F-4754-9891-0472490675D7}.Debug|x86.Build.0 = Debug|Any CPU
		{23CA0620-5C0F-4754-9891-0472490675D7}.Release|Any CPU.ActiveCfg = Release|Any CPU
		{23CA0620-5C0F-4754-9891-0472490675D7}.Release|Any CPU.Build.0 = Release|Any CPU
		{23CA0620-5C0F-4754-9891-0472490675D7}.Release|ARM.ActiveCfg = Release|Any CPU
		{23CA0620-5C0F-4754-9891-0472490675D7}.Release|ARM.Build.0 = Release|Any CPU
		{23CA0620-5C0F-4754-9891-0472490675D7}.Release|ARM64.ActiveCfg = Release|Any CPU
		{23CA0620-5C0F-4754-9891-0472490675D7}.Release|ARM64.Build.0 = Release|Any CPU
		{23CA0620-5C0F-4754-9891-0472490675D7}.Release|x64.ActiveCfg = Release|Any CPU
		{23CA0620-5C0F-4754-9891-0472490675D7}.Release|x64.Build.0 = Release|Any CPU
		{23CA0620-5C0F-4754-9891-0472490675D7}.Release|x86.ActiveCfg = Release|Any CPU
		{23CA0620-5C0F-4754-9891-0472490675D7}.Release|x86.Build.0 = Release|Any CPU
		{E405CD71-2980-4182-881B-9AF528BDA84F}.Debug|Any CPU.ActiveCfg = Debug|Any CPU
		{E405CD71-2980-4182-881B-9AF528BDA84F}.Debug|Any CPU.Build.0 = Debug|Any CPU
		{E405CD71-2980-4182-881B-9AF528BDA84F}.Debug|ARM.ActiveCfg = Debug|Any CPU
		{E405CD71-2980-4182-881B-9AF528BDA84F}.Debug|ARM.Build.0 = Debug|Any CPU
		{E405CD71-2980-4182-881B-9AF528BDA84F}.Debug|ARM64.ActiveCfg = Debug|Any CPU
		{E405CD71-2980-4182-881B-9AF528BDA84F}.Debug|ARM64.Build.0 = Debug|Any CPU
		{E405CD71-2980-4182-881B-9AF528BDA84F}.Debug|x64.ActiveCfg = Debug|Any CPU
		{E405CD71-2980-4182-881B-9AF528BDA84F}.Debug|x64.Build.0 = Debug|Any CPU
		{E405CD71-2980-4182-881B-9AF528BDA84F}.Debug|x86.ActiveCfg = Debug|Any CPU
		{E405CD71-2980-4182-881B-9AF528BDA84F}.Debug|x86.Build.0 = Debug|Any CPU
		{E405CD71-2980-4182-881B-9AF528BDA84F}.Release|Any CPU.ActiveCfg = Release|Any CPU
		{E405CD71-2980-4182-881B-9AF528BDA84F}.Release|Any CPU.Build.0 = Release|Any CPU
		{E405CD71-2980-4182-881B-9AF528BDA84F}.Release|ARM.ActiveCfg = Release|Any CPU
		{E405CD71-2980-4182-881B-9AF528BDA84F}.Release|ARM.Build.0 = Release|Any CPU
		{E405CD71-2980-4182-881B-9AF528BDA84F}.Release|ARM64.ActiveCfg = Release|Any CPU
		{E405CD71-2980-4182-881B-9AF528BDA84F}.Release|ARM64.Build.0 = Release|Any CPU
		{E405CD71-2980-4182-881B-9AF528BDA84F}.Release|x64.ActiveCfg = Release|Any CPU
		{E405CD71-2980-4182-881B-9AF528BDA84F}.Release|x64.Build.0 = Release|Any CPU
		{E405CD71-2980-4182-881B-9AF528BDA84F}.Release|x86.ActiveCfg = Release|Any CPU
		{E405CD71-2980-4182-881B-9AF528BDA84F}.Release|x86.Build.0 = Release|Any CPU
	EndGlobalSection
	GlobalSection(SolutionProperties) = preSolution
		HideSolutionNode = FALSE
	EndGlobalSection
	GlobalSection(ExtensibilityGlobals) = postSolution
		SolutionGuid = {87E53FE9-0749-46C8-A139-3DAAD2676FA0}
	EndGlobalSection
EndGlobal
